
Microsoft Visual Studio Solution File, Format Version 12.00
# Visual Studio Version 17
VisualStudioVersion = 17.8.34330.188
MinimumVisualStudioVersion = 10.0.40219.1
Project("{9A19103F-16F7-4668-BE54-9A1E7A4F7556}") = "NewsBlog", "NewsBlog\NewsBlog.csproj", "{B6EA4C94-B355-40FA-BF83-8F8648D81462}"
EndProject
Global
	GlobalSection(SolutionConfigurationPlatforms) = preSolution
		Debug|Any CPU = Debug|Any CPU
		Release|Any CPU = Release|Any CPU
	EndGlobalSection
	GlobalSection(ProjectConfigurationPlatforms) = postSolution
		{B6EA4C94-B355-40FA-BF83-8F8648D81462}.Debug|Any CPU.ActiveCfg = Debug|Any CPU
		{B6EA4C94-B355-40FA-BF83-8F8648D81462}.Debug|Any CPU.Build.0 = Debug|Any CPU
		{B6EA4C94-B355-40FA-BF83-8F8648D81462}.Release|Any CPU.ActiveCfg = Release|Any CPU
		{B6EA4C94-B355-40FA-BF83-8F8648D81462}.Release|Any CPU.Build.0 = Release|Any CPU
	EndGlobalSection
	GlobalSection(SolutionProperties) = preSolution
		HideSolutionNode = FALSE
	EndGlobalSection
	GlobalSection(ExtensibilityGlobals) = postSolution
		SolutionGuid = {2CE9BAA1-605C-426C-9068-71430B5E0227}
	EndGlobalSection
EndGlobal
